
Microsoft Visual Studio Solution File, Format Version 12.00
# Visual Studio Version 16
VisualStudioVersion = 16.0.33214.272
MinimumVisualStudioVersion = 10.0.40219.1
Project("{FAE04EC0-301F-11D3-BF4B-00C04F79EFBC}") = "Lab1task1", "Lab1task1.csproj", "{A48B6A54-10A7-49AD-829B-759BB28FF129}"
EndProject
Global
	GlobalSection(SolutionConfigurationPlatforms) = preSolution
		Debug|Any CPU = Debug|Any CPU
		Release|Any CPU = Release|Any CPU
	EndGlobalSection
	GlobalSection(ProjectConfigurationPlatforms) = postSolution
		{A48B6A54-10A7-49AD-829B-759BB28FF129}.Debug|Any CPU.ActiveCfg = Debug|Any CPU
		{A48B6A54-10A7-49AD-829B-759BB28FF129}.Debug|Any CPU.Build.0 = Debug|Any CPU
		{A48B6A54-10A7-49AD-829B-759BB28FF129}.Release|Any CPU.ActiveCfg = Release|Any CPU
		{A48B6A54-10A7-49AD-829B-759BB28FF129}.Release|Any CPU.Build.0 = Release|Any CPU
	EndGlobalSection
	GlobalSection(SolutionProperties) = preSolution
		HideSolutionNode = FALSE
	EndGlobalSection
	GlobalSection(ExtensibilityGlobals) = postSolution
		SolutionGuid = {5E63F303-FBFE-4756-89C7-37B6DAED9D4D}
	EndGlobalSection
EndGlobal
